// !$*UTF8*$!
{
	archiveVersion = 1;
	classes = {
	};
	objectVersion = 56;
	objects = {

/* Begin PBXBuildFile section */
		432D38C82C5C06E800D45EFC /* CardTypeEnum.swift in Sources */ = {isa = PBXBuildFile; fileRef = 432D38C72C5C06E800D45EFC /* CardTypeEnum.swift */; };
		433F02D92CCADFE000CE9544 /* CoreData.xcdatamodeld in Sources */ = {isa = PBXBuildFile; fileRef = 433F02D72CCADFE000CE9544 /* CoreData.xcdatamodeld */; };
		4345DE942C692B7A00364737 /* CardModel.swift in Sources */ = {isa = PBXBuildFile; fileRef = 4345DE932C692B7A00364737 /* CardModel.swift */; };
		4345DE972C69310D00364737 /* CardViewModel.swift in Sources */ = {isa = PBXBuildFile; fileRef = 4345DE962C69310D00364737 /* CardViewModel.swift */; };
		4353ED592C5819C700CFB772 /* LoadingScreen.swift in Sources */ = {isa = PBXBuildFile; fileRef = 4353ED582C5819C700CFB772 /* LoadingScreen.swift */; };
		43565B982CE264980015BAC7 /* ErrorState.swift in Sources */ = {isa = PBXBuildFile; fileRef = 43565B972CE264980015BAC7 /* ErrorState.swift */; };
		43565B9A2CE264BA0015BAC7 /* ErrorView.swift in Sources */ = {isa = PBXBuildFile; fileRef = 43565B992CE264BA0015BAC7 /* ErrorView.swift */; };
		43565B9C2CE2707C0015BAC7 /* CustomError.swift in Sources */ = {isa = PBXBuildFile; fileRef = 43565B9B2CE2707C0015BAC7 /* CustomError.swift */; };
		43565B9F2CE27D9F0015BAC7 /* BlurView.swift in Sources */ = {isa = PBXBuildFile; fileRef = 43565B9E2CE27D9A0015BAC7 /* BlurView.swift */; };
		4357ED182C220C6F006F8050 /* PColor.swift in Sources */ = {isa = PBXBuildFile; fileRef = 4357ED172C220C6F006F8050 /* PColor.swift */; };
		4368F34B2CDCBED00025CCED /* Factory in Frameworks */ = {isa = PBXBuildFile; productRef = 4368F34A2CDCBED00025CCED /* Factory */; };
		4368F34D2CDCC4F50025CCED /* CardService.swift in Sources */ = {isa = PBXBuildFile; fileRef = 4368F34C2CDCC4D40025CCED /* CardService.swift */; };
		4368F3502CDCC5370025CCED /* NetworkUtility.swift in Sources */ = {isa = PBXBuildFile; fileRef = 4368F34F2CDCC52F0025CCED /* NetworkUtility.swift */; };
		436FE01F2C5FF0500074C221 /* StringExtension.swift in Sources */ = {isa = PBXBuildFile; fileRef = 436FE01E2C5FF0500074C221 /* StringExtension.swift */; };
		43A67C362BFBDB0E000DC15A /* NetworkManager.swift in Sources */ = {isa = PBXBuildFile; fileRef = 43A67C352BFBDB0E000DC15A /* NetworkManager.swift */; };
		43A67C382BFBDE77000DC15A /* NetworkError.swift in Sources */ = {isa = PBXBuildFile; fileRef = 43A67C372BFBDE77000DC15A /* NetworkError.swift */; };
		43C6937C2CE394A100CF5CB2 /* ErrorWrapper.swift in Sources */ = {isa = PBXBuildFile; fileRef = 43C6937B2CE394A100CF5CB2 /* ErrorWrapper.swift */; };
		43E1DFAD2BFA09CF002E01C1 /* PaymentsApp.swift in Sources */ = {isa = PBXBuildFile; fileRef = 43E1DFAC2BFA09CF002E01C1 /* PaymentsApp.swift */; };
		43E1DFAF2BFA09CF002E01C1 /* PTabView.swift in Sources */ = {isa = PBXBuildFile; fileRef = 43E1DFAE2BFA09CF002E01C1 /* PTabView.swift */; };
		43E1DFB12BFA09D0002E01C1 /* Assets.xcassets in Resources */ = {isa = PBXBuildFile; fileRef = 43E1DFB02BFA09D0002E01C1 /* Assets.xcassets */; };
		43E1DFB42BFA09D0002E01C1 /* Preview Assets.xcassets in Resources */ = {isa = PBXBuildFile; fileRef = 43E1DFB32BFA09D0002E01C1 /* Preview Assets.xcassets */; };
		43E1DFBB2BFA0AC7002E01C1 /* HomeScreen.swift in Sources */ = {isa = PBXBuildFile; fileRef = 43E1DFBA2BFA0AC7002E01C1 /* HomeScreen.swift */; };
		43E1DFBE2BFA0B0A002E01C1 /* StatisticsScreen.swift in Sources */ = {isa = PBXBuildFile; fileRef = 43E1DFBD2BFA0B0A002E01C1 /* StatisticsScreen.swift */; };
		43E1DFC02BFA0B15002E01C1 /* PaymentScreen.swift in Sources */ = {isa = PBXBuildFile; fileRef = 43E1DFBF2BFA0B15002E01C1 /* PaymentScreen.swift */; };
		43E1DFC22BFA0B26002E01C1 /* CardsScreen.swift in Sources */ = {isa = PBXBuildFile; fileRef = 43E1DFC12BFA0B26002E01C1 /* CardsScreen.swift */; };
		43E1DFC42BFA0B36002E01C1 /* ProfileScreen.swift in Sources */ = {isa = PBXBuildFile; fileRef = 43E1DFC32BFA0B36002E01C1 /* ProfileScreen.swift */; };
		43F9C2AA2C59644C00CAAF16 /* CardView.swift in Sources */ = {isa = PBXBuildFile; fileRef = 43F9C2A92C59644C00CAAF16 /* CardView.swift */; };
		43F9C2AE2C59726500CAAF16 /* Mulish-Bold.ttf in Resources */ = {isa = PBXBuildFile; fileRef = 43F9C2AD2C59726500CAAF16 /* Mulish-Bold.ttf */; };
		43F9C2B02C59727100CAAF16 /* Mulish-SemiBold.ttf in Resources */ = {isa = PBXBuildFile; fileRef = 43F9C2AF2C59727100CAAF16 /* Mulish-SemiBold.ttf */; };
		43F9C2B32C5973B000CAAF16 /* PFont.swift in Sources */ = {isa = PBXBuildFile; fileRef = 43F9C2B22C5973B000CAAF16 /* PFont.swift */; };
/* End PBXBuildFile section */

/* Begin PBXFileReference section */
		432D38C72C5C06E800D45EFC /* CardTypeEnum.swift */ = {isa = PBXFileReference; lastKnownFileType = sourcecode.swift; path = CardTypeEnum.swift; sourceTree = "<group>"; };
		433F02D82CCADFE000CE9544 /* CoreData.xcdatamodel */ = {isa = PBXFileReference; lastKnownFileType = wrapper.xcdatamodel; path = CoreData.xcdatamodel; sourceTree = "<group>"; };
		4345DE932C692B7A00364737 /* CardModel.swift */ = {isa = PBXFileReference; lastKnownFileType = sourcecode.swift; path = CardModel.swift; sourceTree = "<group>"; };
		4345DE962C69310D00364737 /* CardViewModel.swift */ = {isa = PBXFileReference; lastKnownFileType = sourcecode.swift; path = CardViewModel.swift; sourceTree = "<group>"; };
		4353ED582C5819C700CFB772 /* LoadingScreen.swift */ = {isa = PBXFileReference; lastKnownFileType = sourcecode.swift; path = LoadingScreen.swift; sourceTree = "<group>"; };
		43565B972CE264980015BAC7 /* ErrorState.swift */ = {isa = PBXFileReference; lastKnownFileType = sourcecode.swift; path = ErrorState.swift; sourceTree = "<group>"; };
		43565B992CE264BA0015BAC7 /* ErrorView.swift */ = {isa = PBXFileReference; lastKnownFileType = sourcecode.swift; path = ErrorView.swift; sourceTree = "<group>"; };
		43565B9B2CE2707C0015BAC7 /* CustomError.swift */ = {isa = PBXFileReference; lastKnownFileType = sourcecode.swift; path = CustomError.swift; sourceTree = "<group>"; };
		43565B9E2CE27D9A0015BAC7 /* BlurView.swift */ = {isa = PBXFileReference; lastKnownFileType = sourcecode.swift; path = BlurView.swift; sourceTree = "<group>"; };
		4357ED172C220C6F006F8050 /* PColor.swift */ = {isa = PBXFileReference; lastKnownFileType = sourcecode.swift; path = PColor.swift; sourceTree = "<group>"; };
		43644F492CCA717F00CCF578 /* Mulish-Regular.ttf */ = {isa = PBXFileReference; lastKnownFileType = file; path = "Mulish-Regular.ttf"; sourceTree = "<group>"; };
		4368F34C2CDCC4D40025CCED /* CardService.swift */ = {isa = PBXFileReference; lastKnownFileType = sourcecode.swift; path = CardService.swift; sourceTree = "<group>"; };
		4368F34F2CDCC52F0025CCED /* NetworkUtility.swift */ = {isa = PBXFileReference; lastKnownFileType = sourcecode.swift; path = NetworkUtility.swift; sourceTree = "<group>"; };
		436FE01E2C5FF0500074C221 /* StringExtension.swift */ = {isa = PBXFileReference; lastKnownFileType = sourcecode.swift; path = StringExtension.swift; sourceTree = "<group>"; };
		43A67C352BFBDB0E000DC15A /* NetworkManager.swift */ = {isa = PBXFileReference; lastKnownFileType = sourcecode.swift; path = NetworkManager.swift; sourceTree = "<group>"; };
		43A67C372BFBDE77000DC15A /* NetworkError.swift */ = {isa = PBXFileReference; lastKnownFileType = sourcecode.swift; path = NetworkError.swift; sourceTree = "<group>"; };
		43C6937B2CE394A100CF5CB2 /* ErrorWrapper.swift */ = {isa = PBXFileReference; lastKnownFileType = sourcecode.swift; path = ErrorWrapper.swift; sourceTree = "<group>"; };
		43E1DFA92BFA09CF002E01C1 /* Payments.app */ = {isa = PBXFileReference; explicitFileType = wrapper.application; includeInIndex = 0; path = Payments.app; sourceTree = BUILT_PRODUCTS_DIR; };
		43E1DFAC2BFA09CF002E01C1 /* PaymentsApp.swift */ = {isa = PBXFileReference; lastKnownFileType = sourcecode.swift; path = PaymentsApp.swift; sourceTree = "<group>"; };
		43E1DFAE2BFA09CF002E01C1 /* PTabView.swift */ = {isa = PBXFileReference; lastKnownFileType = sourcecode.swift; path = PTabView.swift; sourceTree = "<group>"; };
		43E1DFB02BFA09D0002E01C1 /* Assets.xcassets */ = {isa = PBXFileReference; lastKnownFileType = folder.assetcatalog; path = Assets.xcassets; sourceTree = "<group>"; };
		43E1DFB32BFA09D0002E01C1 /* Preview Assets.xcassets */ = {isa = PBXFileReference; lastKnownFileType = folder.assetcatalog; path = "Preview Assets.xcassets"; sourceTree = "<group>"; };
		43E1DFBA2BFA0AC7002E01C1 /* HomeScreen.swift */ = {isa = PBXFileReference; lastKnownFileType = sourcecode.swift; path = HomeScreen.swift; sourceTree = "<group>"; };
		43E1DFBD2BFA0B0A002E01C1 /* StatisticsScreen.swift */ = {isa = PBXFileReference; lastKnownFileType = sourcecode.swift; path = StatisticsScreen.swift; sourceTree = "<group>"; };
		43E1DFBF2BFA0B15002E01C1 /* PaymentScreen.swift */ = {isa = PBXFileReference; lastKnownFileType = sourcecode.swift; path = PaymentScreen.swift; sourceTree = "<group>"; };
		43E1DFC12BFA0B26002E01C1 /* CardsScreen.swift */ = {isa = PBXFileReference; lastKnownFileType = sourcecode.swift; path = CardsScreen.swift; sourceTree = "<group>"; };
		43E1DFC32BFA0B36002E01C1 /* ProfileScreen.swift */ = {isa = PBXFileReference; lastKnownFileType = sourcecode.swift; path = ProfileScreen.swift; sourceTree = "<group>"; };
		43F9C2A92C59644C00CAAF16 /* CardView.swift */ = {isa = PBXFileReference; lastKnownFileType = sourcecode.swift; path = CardView.swift; sourceTree = "<group>"; };
		43F9C2AD2C59726500CAAF16 /* Mulish-Bold.ttf */ = {isa = PBXFileReference; lastKnownFileType = file; path = "Mulish-Bold.ttf"; sourceTree = "<group>"; };
		43F9C2AF2C59727100CAAF16 /* Mulish-SemiBold.ttf */ = {isa = PBXFileReference; lastKnownFileType = file; path = "Mulish-SemiBold.ttf"; sourceTree = "<group>"; };
		43F9C2B12C5972D100CAAF16 /* Info.plist */ = {isa = PBXFileReference; lastKnownFileType = text.plist; path = Info.plist; sourceTree = "<group>"; };
		43F9C2B22C5973B000CAAF16 /* PFont.swift */ = {isa = PBXFileReference; lastKnownFileType = sourcecode.swift; path = PFont.swift; sourceTree = "<group>"; };
/* End PBXFileReference section */

/* Begin PBXFrameworksBuildPhase section */
		43E1DFA62BFA09CF002E01C1 /* Frameworks */ = {
			isa = PBXFrameworksBuildPhase;
			buildActionMask = 2147483647;
			files = (
				4368F34B2CDCBED00025CCED /* Factory in Frameworks */,
			);
			runOnlyForDeploymentPostprocessing = 0;
		};
/* End PBXFrameworksBuildPhase section */

/* Begin PBXGroup section */
		432D38C62C5C06D300D45EFC /* Enums */ = {
			isa = PBXGroup;
			children = (
				4357ED172C220C6F006F8050 /* PColor.swift */,
				43F9C2B22C5973B000CAAF16 /* PFont.swift */,
				432D38C72C5C06E800D45EFC /* CardTypeEnum.swift */,
			);
			path = Enums;
			sourceTree = "<group>";
		};
		4345DE922C692B4800364737 /* Models */ = {
			isa = PBXGroup;
			children = (
				4345DE932C692B7A00364737 /* CardModel.swift */,
			);
			path = Models;
			sourceTree = "<group>";
		};
		4345DE952C6930F900364737 /* ViewModels */ = {
			isa = PBXGroup;
			children = (
				4345DE962C69310D00364737 /* CardViewModel.swift */,
			);
			path = ViewModels;
			sourceTree = "<group>";
		};
		4353ED572C58199E00CFB772 /* Screens */ = {
			isa = PBXGroup;
			children = (
				4353ED582C5819C700CFB772 /* LoadingScreen.swift */,
				43E1DFBA2BFA0AC7002E01C1 /* HomeScreen.swift */,
				43E1DFBD2BFA0B0A002E01C1 /* StatisticsScreen.swift */,
				43E1DFBF2BFA0B15002E01C1 /* PaymentScreen.swift */,
				43E1DFC12BFA0B26002E01C1 /* CardsScreen.swift */,
				43E1DFC32BFA0B36002E01C1 /* ProfileScreen.swift */,
			);
			path = Screens;
			sourceTree = "<group>";
		};
		43565B9D2CE27D8D0015BAC7 /* UIKit */ = {
			isa = PBXGroup;
			children = (
				43565B9E2CE27D9A0015BAC7 /* BlurView.swift */,
			);
			path = UIKit;
			sourceTree = "<group>";
		};
		4357ED162C220C5F006F8050 /* Utilities */ = {
			isa = PBXGroup;
			children = (
				4368F34F2CDCC52F0025CCED /* NetworkUtility.swift */,
				4368F3512CDCC5B40025CCED /* Errors */,
				436FE01D2C5FF03B0074C221 /* Extensions */,
				432D38C62C5C06D300D45EFC /* Enums */,
			);
			path = Utilities;
			sourceTree = "<group>";
		};
		4368F3462CDCB66C0025CCED /* Services */ = {
			isa = PBXGroup;
			children = (
				4368F34C2CDCC4D40025CCED /* CardService.swift */,
			);
			path = Services;
			sourceTree = "<group>";
		};
		4368F3512CDCC5B40025CCED /* Errors */ = {
			isa = PBXGroup;
			children = (
				43C6937B2CE394A100CF5CB2 /* ErrorWrapper.swift */,
				43565B9B2CE2707C0015BAC7 /* CustomError.swift */,
				43565B992CE264BA0015BAC7 /* ErrorView.swift */,
				43565B972CE264980015BAC7 /* ErrorState.swift */,
				43A67C372BFBDE77000DC15A /* NetworkError.swift */,
			);
			path = Errors;
			sourceTree = "<group>";
		};
		436FE01D2C5FF03B0074C221 /* Extensions */ = {
			isa = PBXGroup;
			children = (
				436FE01E2C5FF0500074C221 /* StringExtension.swift */,
			);
			path = Extensions;
			sourceTree = "<group>";
		};
		43A67C342BFBDAFC000DC15A /* Managers */ = {
			isa = PBXGroup;
			children = (
				43A67C352BFBDB0E000DC15A /* NetworkManager.swift */,
			);
			path = Managers;
			sourceTree = "<group>";
		};
		43E1DFA02BFA09CF002E01C1 = {
			isa = PBXGroup;
			children = (
				43E1DFAB2BFA09CF002E01C1 /* Payments */,
				43E1DFAA2BFA09CF002E01C1 /* Products */,
			);
			sourceTree = "<group>";
		};
		43E1DFAA2BFA09CF002E01C1 /* Products */ = {
			isa = PBXGroup;
			children = (
				43E1DFA92BFA09CF002E01C1 /* Payments.app */,
			);
			name = Products;
			sourceTree = "<group>";
		};
		43E1DFAB2BFA09CF002E01C1 /* Payments */ = {
			isa = PBXGroup;
			children = (
				43F9C2B12C5972D100CAAF16 /* Info.plist */,
				43F9C2AB2C5971FF00CAAF16 /* Fonts */,
				43F9C2A82C59640900CAAF16 /* Views */,
				4368F3462CDCB66C0025CCED /* Services */,
				4357ED162C220C5F006F8050 /* Utilities */,
				43A67C342BFBDAFC000DC15A /* Managers */,
				4345DE922C692B4800364737 /* Models */,
				43E1DFBC2BFA0AE8002E01C1 /* Tabs */,
				4353ED572C58199E00CFB772 /* Screens */,
				4345DE952C6930F900364737 /* ViewModels */,
				43E1DFAC2BFA09CF002E01C1 /* PaymentsApp.swift */,
				43E1DFB02BFA09D0002E01C1 /* Assets.xcassets */,
				433F02D72CCADFE000CE9544 /* CoreData.xcdatamodeld */,
				43E1DFB22BFA09D0002E01C1 /* Preview Content */,
			);
			path = Payments;
			sourceTree = "<group>";
		};
		43E1DFB22BFA09D0002E01C1 /* Preview Content */ = {
			isa = PBXGroup;
			children = (
				43E1DFB32BFA09D0002E01C1 /* Preview Assets.xcassets */,
			);
			path = "Preview Content";
			sourceTree = "<group>";
		};
		43E1DFBC2BFA0AE8002E01C1 /* Tabs */ = {
			isa = PBXGroup;
			children = (
				43E1DFAE2BFA09CF002E01C1 /* PTabView.swift */,
			);
			path = Tabs;
			sourceTree = "<group>";
		};
		43F9C2A82C59640900CAAF16 /* Views */ = {
			isa = PBXGroup;
			children = (
				43565B9D2CE27D8D0015BAC7 /* UIKit */,
				43F9C2A92C59644C00CAAF16 /* CardView.swift */,
			);
			path = Views;
			sourceTree = "<group>";
		};
		43F9C2AB2C5971FF00CAAF16 /* Fonts */ = {
			isa = PBXGroup;
			children = (
				43F9C2AC2C59721200CAAF16 /* Mulish */,
			);
			path = Fonts;
			sourceTree = "<group>";
		};
		43F9C2AC2C59721200CAAF16 /* Mulish */ = {
			isa = PBXGroup;
			children = (
				43644F492CCA717F00CCF578 /* Mulish-Regular.ttf */,
				43F9C2AF2C59727100CAAF16 /* Mulish-SemiBold.ttf */,
				43F9C2AD2C59726500CAAF16 /* Mulish-Bold.ttf */,
			);
			path = Mulish;
			sourceTree = "<group>";
		};
/* End PBXGroup section */

/* Begin PBXNativeTarget section */
		43E1DFA82BFA09CF002E01C1 /* Payments */ = {
			isa = PBXNativeTarget;
			buildConfigurationList = 43E1DFB72BFA09D0002E01C1 /* Build configuration list for PBXNativeTarget "Payments" */;
			buildPhases = (
				43E1DFA52BFA09CF002E01C1 /* Sources */,
				43E1DFA62BFA09CF002E01C1 /* Frameworks */,
				43E1DFA72BFA09CF002E01C1 /* Resources */,
			);
			buildRules = (
			);
			dependencies = (
			);
			name = Payments;
			productName = Payments;
			productReference = 43E1DFA92BFA09CF002E01C1 /* Payments.app */;
			productType = "com.apple.product-type.application";
		};
/* End PBXNativeTarget section */

/* Begin PBXProject section */
		43E1DFA12BFA09CF002E01C1 /* Project object */ = {
			isa = PBXProject;
			attributes = {
				BuildIndependentTargetsInParallel = 1;
				LastSwiftUpdateCheck = 1520;
				LastUpgradeCheck = 1520;
				TargetAttributes = {
					43E1DFA82BFA09CF002E01C1 = {
						CreatedOnToolsVersion = 15.2;
					};
				};
			};
			buildConfigurationList = 43E1DFA42BFA09CF002E01C1 /* Build configuration list for PBXProject "Payments" */;
			compatibilityVersion = "Xcode 14.0";
			developmentRegion = en;
			hasScannedForEncodings = 0;
			knownRegions = (
				en,
				Base,
			);
			mainGroup = 43E1DFA02BFA09CF002E01C1;
			packageReferences = (
				4368F3492CDCBECF0025CCED /* XCRemoteSwiftPackageReference "Factory" */,
			);
			productRefGroup = 43E1DFAA2BFA09CF002E01C1 /* Products */;
			projectDirPath = "";
			projectRoot = "";
			targets = (
				43E1DFA82BFA09CF002E01C1 /* Payments */,
			);
		};
/* End PBXProject section */

/* Begin PBXResourcesBuildPhase section */
		43E1DFA72BFA09CF002E01C1 /* Resources */ = {
			isa = PBXResourcesBuildPhase;
			buildActionMask = 2147483647;
			files = (
				43F9C2AE2C59726500CAAF16 /* Mulish-Bold.ttf in Resources */,
				43F9C2B02C59727100CAAF16 /* Mulish-SemiBold.ttf in Resources */,
				43E1DFB42BFA09D0002E01C1 /* Preview Assets.xcassets in Resources */,
				43E1DFB12BFA09D0002E01C1 /* Assets.xcassets in Resources */,
			);
			runOnlyForDeploymentPostprocessing = 0;
		};
/* End PBXResourcesBuildPhase section */

/* Begin PBXSourcesBuildPhase section */
		43E1DFA52BFA09CF002E01C1 /* Sources */ = {
			isa = PBXSourcesBuildPhase;
			buildActionMask = 2147483647;
			files = (
				43565B9C2CE2707C0015BAC7 /* CustomError.swift in Sources */,
				4368F34D2CDCC4F50025CCED /* CardService.swift in Sources */,
				43E1DFC22BFA0B26002E01C1 /* CardsScreen.swift in Sources */,
				432D38C82C5C06E800D45EFC /* CardTypeEnum.swift in Sources */,
				43E1DFBB2BFA0AC7002E01C1 /* HomeScreen.swift in Sources */,
				43E1DFBE2BFA0B0A002E01C1 /* StatisticsScreen.swift in Sources */,
				436FE01F2C5FF0500074C221 /* StringExtension.swift in Sources */,
				4345DE942C692B7A00364737 /* CardModel.swift in Sources */,
				43E1DFAF2BFA09CF002E01C1 /* PTabView.swift in Sources */,
				4345DE972C69310D00364737 /* CardViewModel.swift in Sources */,
				4353ED592C5819C700CFB772 /* LoadingScreen.swift in Sources */,
				43A67C362BFBDB0E000DC15A /* NetworkManager.swift in Sources */,
				43E1DFC02BFA0B15002E01C1 /* PaymentScreen.swift in Sources */,
				43C6937C2CE394A100CF5CB2 /* ErrorWrapper.swift in Sources */,
				4368F3502CDCC5370025CCED /* NetworkUtility.swift in Sources */,
				43A67C382BFBDE77000DC15A /* NetworkError.swift in Sources */,
				433F02D92CCADFE000CE9544 /* CoreData.xcdatamodeld in Sources */,
				43565B982CE264980015BAC7 /* ErrorState.swift in Sources */,
				43565B9F2CE27D9F0015BAC7 /* BlurView.swift in Sources */,
				43F9C2B32C5973B000CAAF16 /* PFont.swift in Sources */,
				43E1DFC42BFA0B36002E01C1 /* ProfileScreen.swift in Sources */,
				4357ED182C220C6F006F8050 /* PColor.swift in Sources */,
				43E1DFAD2BFA09CF002E01C1 /* PaymentsApp.swift in Sources */,
				43F9C2AA2C59644C00CAAF16 /* CardView.swift in Sources */,
				43565B9A2CE264BA0015BAC7 /* ErrorView.swift in Sources */,
			);
			runOnlyForDeploymentPostprocessing = 0;
		};
/* End PBXSourcesBuildPhase section */

/* Begin XCBuildConfiguration section */
		43E1DFB52BFA09D0002E01C1 /* Debug */ = {
			isa = XCBuildConfiguration;
			buildSettings = {
				ALWAYS_SEARCH_USER_PATHS = NO;
				ASSETCATALOG_COMPILER_GENERATE_SWIFT_ASSET_SYMBOL_EXTENSIONS = YES;
				CLANG_ANALYZER_NONNULL = YES;
				CLANG_ANALYZER_NUMBER_OBJECT_CONVERSION = YES_AGGRESSIVE;
				CLANG_CXX_LANGUAGE_STANDARD = "gnu++20";
				CLANG_ENABLE_MODULES = YES;
				CLANG_ENABLE_OBJC_ARC = YES;
				CLANG_ENABLE_OBJC_WEAK = YES;
				CLANG_WARN_BLOCK_CAPTURE_AUTORELEASING = YES;
				CLANG_WARN_BOOL_CONVERSION = YES;
				CLANG_WARN_COMMA = YES;
				CLANG_WARN_CONSTANT_CONVERSION = YES;
				CLANG_WARN_DEPRECATED_OBJC_IMPLEMENTATIONS = YES;
				CLANG_WARN_DIRECT_OBJC_ISA_USAGE = YES_ERROR;
				CLANG_WARN_DOCUMENTATION_COMMENTS = YES;
				CLANG_WARN_EMPTY_BODY = YES;
				CLANG_WARN_ENUM_CONVERSION = YES;
				CLANG_WARN_INFINITE_RECURSION = YES;
				CLANG_WARN_INT_CONVERSION = YES;
				CLANG_WARN_NON_LITERAL_NULL_CONVERSION = YES;
				CLANG_WARN_OBJC_IMPLICIT_RETAIN_SELF = YES;
				CLANG_WARN_OBJC_LITERAL_CONVERSION = YES;
				CLANG_WARN_OBJC_ROOT_CLASS = YES_ERROR;
				CLANG_WARN_QUOTED_INCLUDE_IN_FRAMEWORK_HEADER = YES;
				CLANG_WARN_RANGE_LOOP_ANALYSIS = YES;
				CLANG_WARN_STRICT_PROTOTYPES = YES;
				CLANG_WARN_SUSPICIOUS_MOVE = YES;
				CLANG_WARN_UNGUARDED_AVAILABILITY = YES_AGGRESSIVE;
				CLANG_WARN_UNREACHABLE_CODE = YES;
				CLANG_WARN__DUPLICATE_METHOD_MATCH = YES;
				COPY_PHASE_STRIP = NO;
				DEBUG_INFORMATION_FORMAT = dwarf;
				ENABLE_STRICT_OBJC_MSGSEND = YES;
				ENABLE_TESTABILITY = YES;
				ENABLE_USER_SCRIPT_SANDBOXING = YES;
				GCC_C_LANGUAGE_STANDARD = gnu17;
				GCC_DYNAMIC_NO_PIC = NO;
				GCC_NO_COMMON_BLOCKS = YES;
				GCC_OPTIMIZATION_LEVEL = 0;
				GCC_PREPROCESSOR_DEFINITIONS = (
					"DEBUG=1",
					"$(inherited)",
				);
				GCC_WARN_64_TO_32_BIT_CONVERSION = YES;
				GCC_WARN_ABOUT_RETURN_TYPE = YES_ERROR;
				GCC_WARN_UNDECLARED_SELECTOR = YES;
				GCC_WARN_UNINITIALIZED_AUTOS = YES_AGGRESSIVE;
				GCC_WARN_UNUSED_FUNCTION = YES;
				GCC_WARN_UNUSED_VARIABLE = YES;
				IPHONEOS_DEPLOYMENT_TARGET = 17.2;
				LOCALIZATION_PREFERS_STRING_CATALOGS = YES;
				MTL_ENABLE_DEBUG_INFO = INCLUDE_SOURCE;
				MTL_FAST_MATH = YES;
				ONLY_ACTIVE_ARCH = YES;
				SDKROOT = iphoneos;
				SWIFT_ACTIVE_COMPILATION_CONDITIONS = "DEBUG $(inherited)";
				SWIFT_OPTIMIZATION_LEVEL = "-Onone";
			};
			name = Debug;
		};
		43E1DFB62BFA09D0002E01C1 /* Release */ = {
			isa = XCBuildConfiguration;
			buildSettings = {
				ALWAYS_SEARCH_USER_PATHS = NO;
				ASSETCATALOG_COMPILER_GENERATE_SWIFT_ASSET_SYMBOL_EXTENSIONS = YES;
				CLANG_ANALYZER_NONNULL = YES;
				CLANG_ANALYZER_NUMBER_OBJECT_CONVERSION = YES_AGGRESSIVE;
				CLANG_CXX_LANGUAGE_STANDARD = "gnu++20";
				CLANG_ENABLE_MODULES = YES;
				CLANG_ENABLE_OBJC_ARC = YES;
				CLANG_ENABLE_OBJC_WEAK = YES;
				CLANG_WARN_BLOCK_CAPTURE_AUTORELEASING = YES;
				CLANG_WARN_BOOL_CONVERSION = YES;
				CLANG_WARN_COMMA = YES;
				CLANG_WARN_CONSTANT_CONVERSION = YES;
				CLANG_WARN_DEPRECATED_OBJC_IMPLEMENTATIONS = YES;
				CLANG_WARN_DIRECT_OBJC_ISA_USAGE = YES_ERROR;
				CLANG_WARN_DOCUMENTATION_COMMENTS = YES;
				CLANG_WARN_EMPTY_BODY = YES;
				CLANG_WARN_ENUM_CONVERSION = YES;
				CLANG_WARN_INFINITE_RECURSION = YES;
				CLANG_WARN_INT_CONVERSION = YES;
				CLANG_WARN_NON_LITERAL_NULL_CONVERSION = YES;
				CLANG_WARN_OBJC_IMPLICIT_RETAIN_SELF = YES;
				CLANG_WARN_OBJC_LITERAL_CONVERSION = YES;
				CLANG_WARN_OBJC_ROOT_CLASS = YES_ERROR;
				CLANG_WARN_QUOTED_INCLUDE_IN_FRAMEWORK_HEADER = YES;
				CLANG_WARN_RANGE_LOOP_ANALYSIS = YES;
				CLANG_WARN_STRICT_PROTOTYPES = YES;
				CLANG_WARN_SUSPICIOUS_MOVE = YES;
				CLANG_WARN_UNGUARDED_AVAILABILITY = YES_AGGRESSIVE;
				CLANG_WARN_UNREACHABLE_CODE = YES;
				CLANG_WARN__DUPLICATE_METHOD_MATCH = YES;
				COPY_PHASE_STRIP = NO;
				DEBUG_INFORMATION_FORMAT = "dwarf-with-dsym";
				ENABLE_NS_ASSERTIONS = NO;
				ENABLE_STRICT_OBJC_MSGSEND = YES;
				ENABLE_USER_SCRIPT_SANDBOXING = YES;
				GCC_C_LANGUAGE_STANDARD = gnu17;
				GCC_NO_COMMON_BLOCKS = YES;
				GCC_WARN_64_TO_32_BIT_CONVERSION = YES;
				GCC_WARN_ABOUT_RETURN_TYPE = YES_ERROR;
				GCC_WARN_UNDECLARED_SELECTOR = YES;
				GCC_WARN_UNINITIALIZED_AUTOS = YES_AGGRESSIVE;
				GCC_WARN_UNUSED_FUNCTION = YES;
				GCC_WARN_UNUSED_VARIABLE = YES;
				IPHONEOS_DEPLOYMENT_TARGET = 17.2;
				LOCALIZATION_PREFERS_STRING_CATALOGS = YES;
				MTL_ENABLE_DEBUG_INFO = NO;
				MTL_FAST_MATH = YES;
				SDKROOT = iphoneos;
				SWIFT_COMPILATION_MODE = wholemodule;
				VALIDATE_PRODUCT = YES;
			};
			name = Release;
		};
		43E1DFB82BFA09D0002E01C1 /* Debug */ = {
			isa = XCBuildConfiguration;
			buildSettings = {
				ASSETCATALOG_COMPILER_APPICON_NAME = AppIcon;
				ASSETCATALOG_COMPILER_GLOBAL_ACCENT_COLOR_NAME = AccentColor;
				CODE_SIGN_STYLE = Automatic;
				CURRENT_PROJECT_VERSION = 1;
				DEVELOPMENT_ASSET_PATHS = "\"Payments/Preview Content\"";
				ENABLE_PREVIEWS = YES;
				GENERATE_INFOPLIST_FILE = YES;
				INFOPLIST_FILE = Payments/Info.plist;
				INFOPLIST_KEY_UIApplicationSceneManifest_Generation = YES;
				INFOPLIST_KEY_UIApplicationSupportsIndirectInputEvents = YES;
				INFOPLIST_KEY_UILaunchScreen_Generation = YES;
				INFOPLIST_KEY_UISupportedInterfaceOrientations_iPad = "UIInterfaceOrientationPortrait UIInterfaceOrientationPortraitUpsideDown UIInterfaceOrientationLandscapeLeft UIInterfaceOrientationLandscapeRight";
				INFOPLIST_KEY_UISupportedInterfaceOrientations_iPhone = "UIInterfaceOrientationPortrait UIInterfaceOrientationLandscapeLeft UIInterfaceOrientationLandscapeRight";
				LD_RUNPATH_SEARCH_PATHS = (
					"$(inherited)",
					"@executable_path/Frameworks",
				);
				MARKETING_VERSION = 1.0;
				PRODUCT_BUNDLE_IDENTIFIER = camimamedov.Payments;
				PRODUCT_NAME = "$(TARGET_NAME)";
				SWIFT_EMIT_LOC_STRINGS = YES;
				SWIFT_VERSION = 5.0;
				TARGETED_DEVICE_FAMILY = "1,2";
			};
			name = Debug;
		};
		43E1DFB92BFA09D0002E01C1 /* Release */ = {
			isa = XCBuildConfiguration;
			buildSettings = {
				ASSETCATALOG_COMPILER_APPICON_NAME = AppIcon;
				ASSETCATALOG_COMPILER_GLOBAL_ACCENT_COLOR_NAME = AccentColor;
				CODE_SIGN_STYLE = Automatic;
				CURRENT_PROJECT_VERSION = 1;
				DEVELOPMENT_ASSET_PATHS = "\"Payments/Preview Content\"";
				ENABLE_PREVIEWS = YES;
				GENERATE_INFOPLIST_FILE = YES;
				INFOPLIST_FILE = Payments/Info.plist;
				INFOPLIST_KEY_UIApplicationSceneManifest_Generation = YES;
				INFOPLIST_KEY_UIApplicationSupportsIndirectInputEvents = YES;
				INFOPLIST_KEY_UILaunchScreen_Generation = YES;
				INFOPLIST_KEY_UISupportedInterfaceOrientations_iPad = "UIInterfaceOrientationPortrait UIInterfaceOrientationPortraitUpsideDown UIInterfaceOrientationLandscapeLeft UIInterfaceOrientationLandscapeRight";
				INFOPLIST_KEY_UISupportedInterfaceOrientations_iPhone = "UIInterfaceOrientationPortrait UIInterfaceOrientationLandscapeLeft UIInterfaceOrientationLandscapeRight";
				LD_RUNPATH_SEARCH_PATHS = (
					"$(inherited)",
					"@executable_path/Frameworks",
				);
				MARKETING_VERSION = 1.0;
				PRODUCT_BUNDLE_IDENTIFIER = camimamedov.Payments;
				PRODUCT_NAME = "$(TARGET_NAME)";
				SWIFT_EMIT_LOC_STRINGS = YES;
				SWIFT_VERSION = 5.0;
				TARGETED_DEVICE_FAMILY = "1,2";
			};
			name = Release;
		};
/* End XCBuildConfiguration section */

/* Begin XCConfigurationList section */
		43E1DFA42BFA09CF002E01C1 /* Build configuration list for PBXProject "Payments" */ = {
			isa = XCConfigurationList;
			buildConfigurations = (
				43E1DFB52BFA09D0002E01C1 /* Debug */,
				43E1DFB62BFA09D0002E01C1 /* Release */,
			);
			defaultConfigurationIsVisible = 0;
			defaultConfigurationName = Release;
		};
		43E1DFB72BFA09D0002E01C1 /* Build configuration list for PBXNativeTarget "Payments" */ = {
			isa = XCConfigurationList;
			buildConfigurations = (
				43E1DFB82BFA09D0002E01C1 /* Debug */,
				43E1DFB92BFA09D0002E01C1 /* Release */,
			);
			defaultConfigurationIsVisible = 0;
			defaultConfigurationName = Release;
		};
/* End XCConfigurationList section */

/* Begin XCRemoteSwiftPackageReference section */
		4368F3492CDCBECF0025CCED /* XCRemoteSwiftPackageReference "Factory" */ = {
			isa = XCRemoteSwiftPackageReference;
			repositoryURL = "https://github.com/hmlongco/Factory.git";
			requirement = {
				kind = upToNextMajorVersion;
				minimumVersion = 2.4.1;
			};
		};
/* End XCRemoteSwiftPackageReference section */

/* Begin XCSwiftPackageProductDependency section */
		4368F34A2CDCBED00025CCED /* Factory */ = {
			isa = XCSwiftPackageProductDependency;
			package = 4368F3492CDCBECF0025CCED /* XCRemoteSwiftPackageReference "Factory" */;
			productName = Factory;
		};
/* End XCSwiftPackageProductDependency section */

/* Begin XCVersionGroup section */
		433F02D72CCADFE000CE9544 /* CoreData.xcdatamodeld */ = {
			isa = XCVersionGroup;
			children = (
				433F02D82CCADFE000CE9544 /* CoreData.xcdatamodel */,
			);
			currentVersion = 433F02D82CCADFE000CE9544 /* CoreData.xcdatamodel */;
			path = CoreData.xcdatamodeld;
			sourceTree = "<group>";
			versionGroupType = wrapper.xcdatamodel;
		};
/* End XCVersionGroup section */
	};
	rootObject = 43E1DFA12BFA09CF002E01C1 /* Project object */;
}
